
Microsoft Visual Studio Solution File, Format Version 12.00
# Visual Studio Version 16
VisualStudioVersion = 16.0.30413.136
MinimumVisualStudioVersion = 10.0.40219.1
Project("{FAE04EC0-301F-11D3-BF4B-00C04F79EFBC}") = "ZipV2", "ZipV2\ZipV2.csproj", "{1E98D9A8-F1AC-4397-A6D8-FC07C09BA0F0}"
EndProject
Global
	GlobalSection(SolutionConfigurationPlatforms) = preSolution
		Debug|Any CPU = Debug|Any CPU
		Release|Any CPU = Release|Any CPU
	EndGlobalSection
	GlobalSection(ProjectConfigurationPlatforms) = postSolution
		{1E98D9A8-F1AC-4397-A6D8-FC07C09BA0F0}.Debug|Any CPU.ActiveCfg = Debug|Any CPU
		{1E98D9A8-F1AC-4397-A6D8-FC07C09BA0F0}.Debug|Any CPU.Build.0 = Debug|Any CPU
		{1E98D9A8-F1AC-4397-A6D8-FC07C09BA0F0}.Release|Any CPU.ActiveCfg = Release|Any CPU
		{1E98D9A8-F1AC-4397-A6D8-FC07C09BA0F0}.Release|Any CPU.Build.0 = Release|Any CPU
	EndGlobalSection
	GlobalSection(SolutionProperties) = preSolution
		HideSolutionNode = FALSE
	EndGlobalSection
	GlobalSection(ExtensibilityGlobals) = postSolution
		SolutionGuid = {5767DC94-8D55-4D00-A179-E7AA9E4D55FA}
	EndGlobalSection
EndGlobal
